{
  "version": 4,
  "terraform_version": "1.1.7",
  "serial": 8,
  "lineage": "f81c217d-aa99-7f58-7c6c-f4a5194ee26f",
  "outputs": {
    "vpc_cidr": {
      "value": "10.0.0.0/16",
      "type": "string"
    },
    "vpc_id": {
      "value": "vpc-06628a8da0fc0ea94",
      "type": "string"
    },
    "vpc_private_subnets": {
      "value": {
        "subnet-0cdc90680c81ab06f": "10.0.80.0/20",
        "subnet-0cff5dabdbc389090": "10.0.64.0/20",
        "subnet-0d15eb88300fd829e": "10.0.96.0/20"
      },
      "type": [
        "object",
        {
          "subnet-0cdc90680c81ab06f": "string",
          "subnet-0cff5dabdbc389090": "string",
          "subnet-0d15eb88300fd829e": "string"
        }
      ]
    },
    "vpc_public_subnets": {
      "value": {
        "subnet-03afae761f7a5ae1a": "10.0.32.0/20",
        "subnet-098d5a1d7592b3076": "10.0.16.0/20",
        "subnet-0c9a13ddb98adede0": "10.0.48.0/20"
      },
      "type": [
        "object",
        {
          "subnet-03afae761f7a5ae1a": "string",
          "subnet-098d5a1d7592b3076": "string",
          "subnet-0c9a13ddb98adede0": "string"
        }
      ]
    }
  },
  "resources": [
    {
      "mode": "managed",
      "type": "aws_subnet",
      "name": "private",
      "provider": "provider[\"registry.terraform.io/hashicorp/aws\"]",
      "instances": [
        {
          "index_key": "us-east-1a",
          "schema_version": 1,
          "attributes": {
            "arn": "arn:aws:ec2:us-east-1:591686146695:subnet/subnet-0cff5dabdbc389090",
            "assign_ipv6_address_on_creation": false,
            "availability_zone": "us-east-1a",
            "availability_zone_id": "use1-az2",
            "cidr_block": "10.0.64.0/20",
            "customer_owned_ipv4_pool": "",
            "enable_dns64": false,
            "enable_resource_name_dns_a_record_on_launch": false,
            "enable_resource_name_dns_aaaa_record_on_launch": false,
            "id": "subnet-0cff5dabdbc389090",
            "ipv6_cidr_block": "",
            "ipv6_cidr_block_association_id": "",
            "ipv6_native": false,
            "map_customer_owned_ip_on_launch": false,
            "map_public_ip_on_launch": false,
            "outpost_arn": "",
            "owner_id": "591686146695",
            "private_dns_hostname_type_on_launch": "ip-name",
            "tags": {
              "Environment": "yes",
              "ManagedBy": "terraform",
              "Name": "cloudcasts-yes-private-subnet",
              "Project": "cloudcasts.io",
              "Role": "private",
              "Subnet": "us-east-1a-4"
            },
            "tags_all": {
              "Environment": "yes",
              "ManagedBy": "terraform",
              "Name": "cloudcasts-yes-private-subnet",
              "Project": "cloudcasts.io",
              "Role": "private",
              "Subnet": "us-east-1a-4"
            },
            "timeouts": null,
            "vpc_id": "vpc-06628a8da0fc0ea94"
          },
          "sensitive_attributes": [],
          "private": "eyJlMmJmYjczMC1lY2FhLTExZTYtOGY4OC0zNDM2M2JjN2M0YzAiOnsiY3JlYXRlIjo2MDAwMDAwMDAwMDAsImRlbGV0ZSI6MTIwMDAwMDAwMDAwMH0sInNjaGVtYV92ZXJzaW9uIjoiMSJ9",
          "dependencies": [
            "aws_vpc.vpc"
          ]
        },
        {
          "index_key": "us-east-1b",
          "schema_version": 1,
          "attributes": {
            "arn": "arn:aws:ec2:us-east-1:591686146695:subnet/subnet-0cdc90680c81ab06f",
            "assign_ipv6_address_on_creation": false,
            "availability_zone": "us-east-1b",
            "availability_zone_id": "use1-az4",
            "cidr_block": "10.0.80.0/20",
            "customer_owned_ipv4_pool": "",
            "enable_dns64": false,
            "enable_resource_name_dns_a_record_on_launch": false,
            "enable_resource_name_dns_aaaa_record_on_launch": false,
            "id": "subnet-0cdc90680c81ab06f",
            "ipv6_cidr_block": "",
            "ipv6_cidr_block_association_id": "",
            "ipv6_native": false,
            "map_customer_owned_ip_on_launch": false,
            "map_public_ip_on_launch": false,
            "outpost_arn": "",
            "owner_id": "591686146695",
            "private_dns_hostname_type_on_launch": "ip-name",
            "tags": {
              "Environment": "yes",
              "ManagedBy": "terraform",
              "Name": "cloudcasts-yes-private-subnet",
              "Project": "cloudcasts.io",
              "Role": "private",
              "Subnet": "us-east-1b-5"
            },
            "tags_all": {
              "Environment": "yes",
              "ManagedBy": "terraform",
              "Name": "cloudcasts-yes-private-subnet",
              "Project": "cloudcasts.io",
              "Role": "private",
              "Subnet": "us-east-1b-5"
            },
            "timeouts": null,
            "vpc_id": "vpc-06628a8da0fc0ea94"
          },
          "sensitive_attributes": [],
          "private": "eyJlMmJmYjczMC1lY2FhLTExZTYtOGY4OC0zNDM2M2JjN2M0YzAiOnsiY3JlYXRlIjo2MDAwMDAwMDAwMDAsImRlbGV0ZSI6MTIwMDAwMDAwMDAwMH0sInNjaGVtYV92ZXJzaW9uIjoiMSJ9",
          "dependencies": [
            "aws_vpc.vpc"
          ]
        },
        {
          "index_key": "us-east-1c",
          "schema_version": 1,
          "attributes": {
            "arn": "arn:aws:ec2:us-east-1:591686146695:subnet/subnet-0d15eb88300fd829e",
            "assign_ipv6_address_on_creation": false,
            "availability_zone": "us-east-1c",
            "availability_zone_id": "use1-az6",
            "cidr_block": "10.0.96.0/20",
            "customer_owned_ipv4_pool": "",
            "enable_dns64": false,
            "enable_resource_name_dns_a_record_on_launch": false,
            "enable_resource_name_dns_aaaa_record_on_launch": false,
            "id": "subnet-0d15eb88300fd829e",
            "ipv6_cidr_block": "",
            "ipv6_cidr_block_association_id": "",
            "ipv6_native": false,
            "map_customer_owned_ip_on_launch": false,
            "map_public_ip_on_launch": false,
            "outpost_arn": "",
            "owner_id": "591686146695",
            "private_dns_hostname_type_on_launch": "ip-name",
            "tags": {
              "Environment": "yes",
              "ManagedBy": "terraform",
              "Name": "cloudcasts-yes-private-subnet",
              "Project": "cloudcasts.io",
              "Role": "private",
              "Subnet": "us-east-1c-6"
            },
            "tags_all": {
              "Environment": "yes",
              "ManagedBy": "terraform",
              "Name": "cloudcasts-yes-private-subnet",
              "Project": "cloudcasts.io",
              "Role": "private",
              "Subnet": "us-east-1c-6"
            },
            "timeouts": null,
            "vpc_id": "vpc-06628a8da0fc0ea94"
          },
          "sensitive_attributes": [],
          "private": "eyJlMmJmYjczMC1lY2FhLTExZTYtOGY4OC0zNDM2M2JjN2M0YzAiOnsiY3JlYXRlIjo2MDAwMDAwMDAwMDAsImRlbGV0ZSI6MTIwMDAwMDAwMDAwMH0sInNjaGVtYV92ZXJzaW9uIjoiMSJ9",
          "dependencies": [
            "aws_vpc.vpc"
          ]
        }
      ]
    },
    {
      "mode": "managed",
      "type": "aws_subnet",
      "name": "public",
      "provider": "provider[\"registry.terraform.io/hashicorp/aws\"]",
      "instances": [
        {
          "index_key": "us-east-1a",
          "schema_version": 1,
          "attributes": {
            "arn": "arn:aws:ec2:us-east-1:591686146695:subnet/subnet-098d5a1d7592b3076",
            "assign_ipv6_address_on_creation": false,
            "availability_zone": "us-east-1a",
            "availability_zone_id": "use1-az2",
            "cidr_block": "10.0.16.0/20",
            "customer_owned_ipv4_pool": "",
            "enable_dns64": false,
            "enable_resource_name_dns_a_record_on_launch": false,
            "enable_resource_name_dns_aaaa_record_on_launch": false,
            "id": "subnet-098d5a1d7592b3076",
            "ipv6_cidr_block": "",
            "ipv6_cidr_block_association_id": "",
            "ipv6_native": false,
            "map_customer_owned_ip_on_launch": false,
            "map_public_ip_on_launch": false,
            "outpost_arn": "",
            "owner_id": "591686146695",
            "private_dns_hostname_type_on_launch": "ip-name",
            "tags": {
              "Environment": "yes",
              "ManagedBy": "terraform",
              "Name": "cloudcasts-yes-public-subnet",
              "Project": "cloudcasts.io",
              "Role": "public",
              "Subnet": "us-east-1a-1"
            },
            "tags_all": {
              "Environment": "yes",
              "ManagedBy": "terraform",
              "Name": "cloudcasts-yes-public-subnet",
              "Project": "cloudcasts.io",
              "Role": "public",
              "Subnet": "us-east-1a-1"
            },
            "timeouts": null,
            "vpc_id": "vpc-06628a8da0fc0ea94"
          },
          "sensitive_attributes": [],
          "private": "eyJlMmJmYjczMC1lY2FhLTExZTYtOGY4OC0zNDM2M2JjN2M0YzAiOnsiY3JlYXRlIjo2MDAwMDAwMDAwMDAsImRlbGV0ZSI6MTIwMDAwMDAwMDAwMH0sInNjaGVtYV92ZXJzaW9uIjoiMSJ9",
          "dependencies": [
            "aws_vpc.vpc"
          ]
        },
        {
          "index_key": "us-east-1b",
          "schema_version": 1,
          "attributes": {
            "arn": "arn:aws:ec2:us-east-1:591686146695:subnet/subnet-03afae761f7a5ae1a",
            "assign_ipv6_address_on_creation": false,
            "availability_zone": "us-east-1b",
            "availability_zone_id": "use1-az4",
            "cidr_block": "10.0.32.0/20",
            "customer_owned_ipv4_pool": "",
            "enable_dns64": false,
            "enable_resource_name_dns_a_record_on_launch": false,
            "enable_resource_name_dns_aaaa_record_on_launch": false,
            "id": "subnet-03afae761f7a5ae1a",
            "ipv6_cidr_block": "",
            "ipv6_cidr_block_association_id": "",
            "ipv6_native": false,
            "map_customer_owned_ip_on_launch": false,
            "map_public_ip_on_launch": false,
            "outpost_arn": "",
            "owner_id": "591686146695",
            "private_dns_hostname_type_on_launch": "ip-name",
            "tags": {
              "Environment": "yes",
              "ManagedBy": "terraform",
              "Name": "cloudcasts-yes-public-subnet",
              "Project": "cloudcasts.io",
              "Role": "public",
              "Subnet": "us-east-1b-2"
            },
            "tags_all": {
              "Environment": "yes",
              "ManagedBy": "terraform",
              "Name": "cloudcasts-yes-public-subnet",
              "Project": "cloudcasts.io",
              "Role": "public",
              "Subnet": "us-east-1b-2"
            },
            "timeouts": null,
            "vpc_id": "vpc-06628a8da0fc0ea94"
          },
          "sensitive_attributes": [],
          "private": "eyJlMmJmYjczMC1lY2FhLTExZTYtOGY4OC0zNDM2M2JjN2M0YzAiOnsiY3JlYXRlIjo2MDAwMDAwMDAwMDAsImRlbGV0ZSI6MTIwMDAwMDAwMDAwMH0sInNjaGVtYV92ZXJzaW9uIjoiMSJ9",
          "dependencies": [
            "aws_vpc.vpc"
          ]
        },
        {
          "index_key": "us-east-1c",
          "schema_version": 1,
          "attributes": {
            "arn": "arn:aws:ec2:us-east-1:591686146695:subnet/subnet-0c9a13ddb98adede0",
            "assign_ipv6_address_on_creation": false,
            "availability_zone": "us-east-1c",
            "availability_zone_id": "use1-az6",
            "cidr_block": "10.0.48.0/20",
            "customer_owned_ipv4_pool": "",
            "enable_dns64": false,
            "enable_resource_name_dns_a_record_on_launch": false,
            "enable_resource_name_dns_aaaa_record_on_launch": false,
            "id": "subnet-0c9a13ddb98adede0",
            "ipv6_cidr_block": "",
            "ipv6_cidr_block_association_id": "",
            "ipv6_native": false,
            "map_customer_owned_ip_on_launch": false,
            "map_public_ip_on_launch": false,
            "outpost_arn": "",
            "owner_id": "591686146695",
            "private_dns_hostname_type_on_launch": "ip-name",
            "tags": {
              "Environment": "yes",
              "ManagedBy": "terraform",
              "Name": "cloudcasts-yes-public-subnet",
              "Project": "cloudcasts.io",
              "Role": "public",
              "Subnet": "us-east-1c-3"
            },
            "tags_all": {
              "Environment": "yes",
              "ManagedBy": "terraform",
              "Name": "cloudcasts-yes-public-subnet",
              "Project": "cloudcasts.io",
              "Role": "public",
              "Subnet": "us-east-1c-3"
            },
            "timeouts": null,
            "vpc_id": "vpc-06628a8da0fc0ea94"
          },
          "sensitive_attributes": [],
          "private": "eyJlMmJmYjczMC1lY2FhLTExZTYtOGY4OC0zNDM2M2JjN2M0YzAiOnsiY3JlYXRlIjo2MDAwMDAwMDAwMDAsImRlbGV0ZSI6MTIwMDAwMDAwMDAwMH0sInNjaGVtYV92ZXJzaW9uIjoiMSJ9",
          "dependencies": [
            "aws_vpc.vpc"
          ]
        }
      ]
    },
    {
      "mode": "managed",
      "type": "aws_vpc",
      "name": "vpc",
      "provider": "provider[\"registry.terraform.io/hashicorp/aws\"]",
      "instances": [
        {
          "schema_version": 1,
          "attributes": {
            "arn": "arn:aws:ec2:us-east-1:591686146695:vpc/vpc-06628a8da0fc0ea94",
            "assign_generated_ipv6_cidr_block": false,
            "cidr_block": "10.0.0.0/16",
            "default_network_acl_id": "acl-093d657695720758e",
            "default_route_table_id": "rtb-021edea8d3a5c2556",
            "default_security_group_id": "sg-04c756f5119daeb80",
            "dhcp_options_id": "dopt-0cacca15887ece6f5",
            "enable_classiclink": false,
            "enable_classiclink_dns_support": false,
            "enable_dns_hostnames": false,
            "enable_dns_support": true,
            "id": "vpc-06628a8da0fc0ea94",
            "instance_tenancy": "default",
            "ipv4_ipam_pool_id": null,
            "ipv4_netmask_length": null,
            "ipv6_association_id": "",
            "ipv6_cidr_block": "",
            "ipv6_cidr_block_network_border_group": "",
            "ipv6_ipam_pool_id": "",
            "ipv6_netmask_length": 0,
            "main_route_table_id": "rtb-021edea8d3a5c2556",
            "owner_id": "591686146695",
            "tags": {
              "Environment": "yes",
              "ManagedBy": "terraform",
              "Name": "cloudcasts-yes-vpc",
              "Project": "cloudcasts.io"
            },
            "tags_all": {
              "Environment": "yes",
              "ManagedBy": "terraform",
              "Name": "cloudcasts-yes-vpc",
              "Project": "cloudcasts.io"
            }
          },
          "sensitive_attributes": [],
          "private": "eyJzY2hlbWFfdmVyc2lvbiI6IjEifQ=="
        }
      ]
    }
  ]
}
